<?xml version="1.0" encoding="utf-8"?>
<Project ToolsVersion="17.0" xmlns="http://schemas.microsoft.com/developer/msbuild/2003">
  <ItemGroup>
    <ClCompile Include="C:\Users\TrinhThanh\Desktop\DataVisualization\raylib\src\raudio.c">
      <Filter>Source Files</Filter>
    </ClCompile>
    <ClCompile Include="C:\Users\TrinhThanh\Desktop\DataVisualization\raylib\src\rcore.c">
      <Filter>Source Files</Filter>
    </ClCompile>
    <ClCompile Include="C:\Users\TrinhThanh\Desktop\DataVisualization\raylib\src\rmodels.c">
      <Filter>Source Files</Filter>
    </ClCompile>
    <ClCompile Include="C:\Users\TrinhThanh\Desktop\DataVisualization\raylib\src\rshapes.c">
      <Filter>Source Files</Filter>
    </ClCompile>
    <ClCompile Include="C:\Users\TrinhThanh\Desktop\DataVisualization\raylib\src\rtext.c">
      <Filter>Source Files</Filter>
    </ClCompile>
    <ClCompile Include="C:\Users\TrinhThanh\Desktop\DataVisualization\raylib\src\rtextures.c">
      <Filter>Source Files</Filter>
    </ClCompile>
    <ClCompile Include="C:\Users\TrinhThanh\Desktop\DataVisualization\raylib\src\utils.c">
      <Filter>Source Files</Filter>
    </ClCompile>
  </ItemGroup>
  <ItemGroup>
    <ClInclude Include="C:\Users\TrinhThanh\Desktop\DataVisualization\raylib\src\raylib.h">
      <Filter>Header Files</Filter>
    </ClInclude>
    <ClInclude Include="C:\Users\TrinhThanh\Desktop\DataVisualization\raylib\src\rcamera.h">
      <Filter>Header Files</Filter>
    </ClInclude>
    <ClInclude Include="C:\Users\TrinhThanh\Desktop\DataVisualization\raylib\src\rlgl.h">
      <Filter>Header Files</Filter>
    </ClInclude>
    <ClInclude Include="C:\Users\TrinhThanh\Desktop\DataVisualization\raylib\src\raymath.h">
      <Filter>Header Files</Filter>
    </ClInclude>
  </ItemGroup>
  <ItemGroup>
    <CustomBuild Include="C:\Users\TrinhThanh\Desktop\DataVisualization\raylib\src\CMakeLists.txt" />
  </ItemGroup>
  <ItemGroup>
    <Object Include="C:\Users\TrinhThanh\Desktop\DataVisualization\raylib\raylib\external\glfw\src\glfw.dir\$(Configuration)\context.obj">
      <Filter>Object Libraries</Filter>
    </Object>
    <Object Include="C:\Users\TrinhThanh\Desktop\DataVisualization\raylib\raylib\external\glfw\src\glfw.dir\$(Configuration)\init.obj">
      <Filter>Object Libraries</Filter>
    </Object>
    <Object Include="C:\Users\TrinhThanh\Desktop\DataVisualization\raylib\raylib\external\glfw\src\glfw.dir\$(Configuration)\input.obj">
      <Filter>Object Libraries</Filter>
    </Object>
    <Object Include="C:\Users\TrinhThanh\Desktop\DataVisualization\raylib\raylib\external\glfw\src\glfw.dir\$(Configuration)\monitor.obj">
      <Filter>Object Libraries</Filter>
    </Object>
    <Object Include="C:\Users\TrinhThanh\Desktop\DataVisualization\raylib\raylib\external\glfw\src\glfw.dir\$(Configuration)\platform.obj">
      <Filter>Object Libraries</Filter>
    </Object>
    <Object Include="C:\Users\TrinhThanh\Desktop\DataVisualization\raylib\raylib\external\glfw\src\glfw.dir\$(Configuration)\vulkan.obj">
      <Filter>Object Libraries</Filter>
    </Object>
    <Object Include="C:\Users\TrinhThanh\Desktop\DataVisualization\raylib\raylib\external\glfw\src\glfw.dir\$(Configuration)\window.obj">
      <Filter>Object Libraries</Filter>
    </Object>
    <Object Include="C:\Users\TrinhThanh\Desktop\DataVisualization\raylib\raylib\external\glfw\src\glfw.dir\$(Configuration)\egl_context.obj">
      <Filter>Object Libraries</Filter>
    </Object>
    <Object Include="C:\Users\TrinhThanh\Desktop\DataVisualization\raylib\raylib\external\glfw\src\glfw.dir\$(Configuration)\osmesa_context.obj">
      <Filter>Object Libraries</Filter>
    </Object>
    <Object Include="C:\Users\TrinhThanh\Desktop\DataVisualization\raylib\raylib\external\glfw\src\glfw.dir\$(Configuration)\null_init.obj">
      <Filter>Object Libraries</Filter>
    </Object>
    <Object Include="C:\Users\TrinhThanh\Desktop\DataVisualization\raylib\raylib\external\glfw\src\glfw.dir\$(Configuration)\null_monitor.obj">
      <Filter>Object Libraries</Filter>
    </Object>
    <Object Include="C:\Users\TrinhThanh\Desktop\DataVisualization\raylib\raylib\external\glfw\src\glfw.dir\$(Configuration)\null_window.obj">
      <Filter>Object Libraries</Filter>
    </Object>
    <Object Include="C:\Users\TrinhThanh\Desktop\DataVisualization\raylib\raylib\external\glfw\src\glfw.dir\$(Configuration)\null_joystick.obj">
      <Filter>Object Libraries</Filter>
    </Object>
    <Object Include="C:\Users\TrinhThanh\Desktop\DataVisualization\raylib\raylib\external\glfw\src\glfw.dir\$(Configuration)\win32_module.obj">
      <Filter>Object Libraries</Filter>
    </Object>
    <Object Include="C:\Users\TrinhThanh\Desktop\DataVisualization\raylib\raylib\external\glfw\src\glfw.dir\$(Configuration)\win32_time.obj">
      <Filter>Object Libraries</Filter>
    </Object>
    <Object Include="C:\Users\TrinhThanh\Desktop\DataVisualization\raylib\raylib\external\glfw\src\glfw.dir\$(Configuration)\win32_thread.obj">
      <Filter>Object Libraries</Filter>
    </Object>
    <Object Include="C:\Users\TrinhThanh\Desktop\DataVisualization\raylib\raylib\external\glfw\src\glfw.dir\$(Configuration)\win32_init.obj">
      <Filter>Object Libraries</Filter>
    </Object>
    <Object Include="C:\Users\TrinhThanh\Desktop\DataVisualization\raylib\raylib\external\glfw\src\glfw.dir\$(Configuration)\win32_joystick.obj">
      <Filter>Object Libraries</Filter>
    </Object>
    <Object Include="C:\Users\TrinhThanh\Desktop\DataVisualization\raylib\raylib\external\glfw\src\glfw.dir\$(Configuration)\win32_monitor.obj">
      <Filter>Object Libraries</Filter>
    </Object>
    <Object Include="C:\Users\TrinhThanh\Desktop\DataVisualization\raylib\raylib\external\glfw\src\glfw.dir\$(Configuration)\win32_window.obj">
      <Filter>Object Libraries</Filter>
    </Object>
    <Object Include="C:\Users\TrinhThanh\Desktop\DataVisualization\raylib\raylib\external\glfw\src\glfw.dir\$(Configuration)\wgl_context.obj">
      <Filter>Object Libraries</Filter>
    </Object>
  </ItemGroup>
  <ItemGroup>
    <Filter Include="Header Files">
      <UniqueIdentifier>{B8B189E5-4D72-3D56-8730-95CB076F49CD}</UniqueIdentifier>
    </Filter>
    <Filter Include="Object Libraries">
      <UniqueIdentifier>{7957F5C7-1E7A-306D-B390-B7D88D65E28C}</UniqueIdentifier>
    </Filter>
    <Filter Include="Source Files">
      <UniqueIdentifier>{228C8E1C-C3C1-3870-8795-C601772930ED}</UniqueIdentifier>
    </Filter>
  </ItemGroup>
</Project>
